
Microsoft Visual Studio Solution File, Format Version 12.00
# Visual Studio Version 17
VisualStudioVersion = 17.5.33502.453
MinimumVisualStudioVersion = 10.0.40219.1
Project("{9A19103F-16F7-4668-BE54-9A1E7A4F7556}") = "SortingAlgorithms", "SortingAlgorithms.csproj", "{1CABBD73-4BDC-4A67-AA53-BECD361E7213}"
EndProject
Project("{FAE04EC0-301F-11D3-BF4B-00C04F79EFBC}") = "SortingAlgorithms.Tests", "..\SortingAlgorithms.Test\SortingAlgorithms.Tests.csproj", "{FEF6263D-AB84-47D6-8B7C-703EFD0A5E21}"
EndProject
Global
	GlobalSection(SolutionConfigurationPlatforms) = preSolution
		Debug|Any CPU = Debug|Any CPU
		Release|Any CPU = Release|Any CPU
	EndGlobalSection
	GlobalSection(ProjectConfigurationPlatforms) = postSolution
		{1CABBD73-4BDC-4A67-AA53-BECD361E7213}.Debug|Any CPU.ActiveCfg = Debug|Any CPU
		{1CABBD73-4BDC-4A67-AA53-BECD361E7213}.Debug|Any CPU.Build.0 = Debug|Any CPU
		{1CABBD73-4BDC-4A67-AA53-BECD361E7213}.Release|Any CPU.ActiveCfg = Release|Any CPU
		{1CABBD73-4BDC-4A67-AA53-BECD361E7213}.Release|Any CPU.Build.0 = Release|Any CPU
		{FEF6263D-AB84-47D6-8B7C-703EFD0A5E21}.Debug|Any CPU.ActiveCfg = Debug|Any CPU
		{FEF6263D-AB84-47D6-8B7C-703EFD0A5E21}.Debug|Any CPU.Build.0 = Debug|Any CPU
		{FEF6263D-AB84-47D6-8B7C-703EFD0A5E21}.Release|Any CPU.ActiveCfg = Release|Any CPU
		{FEF6263D-AB84-47D6-8B7C-703EFD0A5E21}.Release|Any CPU.Build.0 = Release|Any CPU
	EndGlobalSection
	GlobalSection(SolutionProperties) = preSolution
		HideSolutionNode = FALSE
	EndGlobalSection
	GlobalSection(ExtensibilityGlobals) = postSolution
		SolutionGuid = {585F497F-6A1A-481F-A68B-28AC5A0C7C80}
	EndGlobalSection
EndGlobal
